
Microsoft Visual Studio Solution File, Format Version 12.00
# Visual Studio 14
VisualStudioVersion = 14.0.25420.1
MinimumVisualStudioVersion = 10.0.40219.1
Project("{FAE04EC0-301F-11D3-BF4B-00C04F79EFBC}") = "educacion", "educacion\educacion.csproj", "{CC0404C0-EEC0-4685-BB52-B8ED6348B32B}"
EndProject
Global
	GlobalSection(SolutionConfigurationPlatforms) = preSolution
		Debug|Any CPU = Debug|Any CPU
		Release|Any CPU = Release|Any CPU
	EndGlobalSection
	GlobalSection(ProjectConfigurationPlatforms) = postSolution
		{CC0404C0-EEC0-4685-BB52-B8ED6348B32B}.Debug|Any CPU.ActiveCfg = Debug|Any CPU
		{CC0404C0-EEC0-4685-BB52-B8ED6348B32B}.Debug|Any CPU.Build.0 = Debug|Any CPU
		{CC0404C0-EEC0-4685-BB52-B8ED6348B32B}.Release|Any CPU.ActiveCfg = Release|Any CPU
		{CC0404C0-EEC0-4685-BB52-B8ED6348B32B}.Release|Any CPU.Build.0 = Release|Any CPU
	EndGlobalSection
	GlobalSection(SolutionProperties) = preSolution
		HideSolutionNode = FALSE
	EndGlobalSection
EndGlobal
